
Microsoft Visual Studio Solution File, Format Version 12.00
Project("{FAE04EC0-301F-11D3-BF4B-00C04F79EFBC}") = "GatewayAPI", "GatewayAPI\GatewayAPI.csproj", "{29543C2A-4A33-48CD-AD04-27211A14C805}"
EndProject
Project("{FAE04EC0-301F-11D3-BF4B-00C04F79EFBC}") = "AccountService", "AccountService\AccountService.csproj", "{E173AD1A-4CDF-460E-ACB0-8D7A511D739D}"
EndProject
Project("{FAE04EC0-301F-11D3-BF4B-00C04F79EFBC}") = "PostsService", "PostsService\PostsService.csproj", "{AE694C72-E9F1-4CF1-8CDC-D58406C96E3F}"
EndProject
Project("{FAE04EC0-301F-11D3-BF4B-00C04F79EFBC}") = "TimelineService", "TimelineService\TimelineService.csproj", "{AE00FE17-5AF6-4897-B8CC-49FE106FE483}"
EndProject
Project("{FAE04EC0-301F-11D3-BF4B-00C04F79EFBC}") = "Models", "Models\Models.csproj", "{1870EE99-FD7C-47D0-9547-EB859E6D31EE}"
EndProject
Project("{FAE04EC0-301F-11D3-BF4B-00C04F79EFBC}") = "UnitTests", "UnitTests\UnitTests.csproj", "{04614A16-FC2C-442D-8999-9C8DA0DFE173}"
EndProject
Project("{FAE04EC0-301F-11D3-BF4B-00C04F79EFBC}") = "ServiceTests", "ServiceTests\ServiceTests.csproj", "{BF07CE09-6747-4EC1-A154-9D0B27766226}"
EndProject
Global
	GlobalSection(SolutionConfigurationPlatforms) = preSolution
		Debug|Any CPU = Debug|Any CPU
		Release|Any CPU = Release|Any CPU
	EndGlobalSection
	GlobalSection(ProjectConfigurationPlatforms) = postSolution
		{29543C2A-4A33-48CD-AD04-27211A14C805}.Debug|Any CPU.ActiveCfg = Debug|Any CPU
		{29543C2A-4A33-48CD-AD04-27211A14C805}.Debug|Any CPU.Build.0 = Debug|Any CPU
		{29543C2A-4A33-48CD-AD04-27211A14C805}.Release|Any CPU.ActiveCfg = Release|Any CPU
		{29543C2A-4A33-48CD-AD04-27211A14C805}.Release|Any CPU.Build.0 = Release|Any CPU
		{E173AD1A-4CDF-460E-ACB0-8D7A511D739D}.Debug|Any CPU.ActiveCfg = Debug|Any CPU
		{E173AD1A-4CDF-460E-ACB0-8D7A511D739D}.Debug|Any CPU.Build.0 = Debug|Any CPU
		{E173AD1A-4CDF-460E-ACB0-8D7A511D739D}.Release|Any CPU.ActiveCfg = Release|Any CPU
		{E173AD1A-4CDF-460E-ACB0-8D7A511D739D}.Release|Any CPU.Build.0 = Release|Any CPU
		{AE694C72-E9F1-4CF1-8CDC-D58406C96E3F}.Debug|Any CPU.ActiveCfg = Debug|Any CPU
		{AE694C72-E9F1-4CF1-8CDC-D58406C96E3F}.Debug|Any CPU.Build.0 = Debug|Any CPU
		{AE694C72-E9F1-4CF1-8CDC-D58406C96E3F}.Release|Any CPU.ActiveCfg = Release|Any CPU
		{AE694C72-E9F1-4CF1-8CDC-D58406C96E3F}.Release|Any CPU.Build.0 = Release|Any CPU
		{AE00FE17-5AF6-4897-B8CC-49FE106FE483}.Debug|Any CPU.ActiveCfg = Debug|Any CPU
		{AE00FE17-5AF6-4897-B8CC-49FE106FE483}.Debug|Any CPU.Build.0 = Debug|Any CPU
		{AE00FE17-5AF6-4897-B8CC-49FE106FE483}.Release|Any CPU.ActiveCfg = Release|Any CPU
		{AE00FE17-5AF6-4897-B8CC-49FE106FE483}.Release|Any CPU.Build.0 = Release|Any CPU
		{1870EE99-FD7C-47D0-9547-EB859E6D31EE}.Debug|Any CPU.ActiveCfg = Debug|Any CPU
		{1870EE99-FD7C-47D0-9547-EB859E6D31EE}.Debug|Any CPU.Build.0 = Debug|Any CPU
		{1870EE99-FD7C-47D0-9547-EB859E6D31EE}.Release|Any CPU.ActiveCfg = Release|Any CPU
		{1870EE99-FD7C-47D0-9547-EB859E6D31EE}.Release|Any CPU.Build.0 = Release|Any CPU
		{04614A16-FC2C-442D-8999-9C8DA0DFE173}.Debug|Any CPU.ActiveCfg = Debug|Any CPU
		{04614A16-FC2C-442D-8999-9C8DA0DFE173}.Debug|Any CPU.Build.0 = Debug|Any CPU
		{04614A16-FC2C-442D-8999-9C8DA0DFE173}.Release|Any CPU.ActiveCfg = Release|Any CPU
		{04614A16-FC2C-442D-8999-9C8DA0DFE173}.Release|Any CPU.Build.0 = Release|Any CPU
		{BF07CE09-6747-4EC1-A154-9D0B27766226}.Debug|Any CPU.ActiveCfg = Debug|Any CPU
		{BF07CE09-6747-4EC1-A154-9D0B27766226}.Debug|Any CPU.Build.0 = Debug|Any CPU
		{BF07CE09-6747-4EC1-A154-9D0B27766226}.Release|Any CPU.ActiveCfg = Release|Any CPU
		{BF07CE09-6747-4EC1-A154-9D0B27766226}.Release|Any CPU.Build.0 = Release|Any CPU
	EndGlobalSection
EndGlobal
